// !$*UTF8*$!
{
	archiveVersion = 1;
	classes = {
	};
	objectVersion = 50;
	objects = {

/* Begin PBXBuildFile section */
		8D23F9AA22398993002E47BB /* AppDelegate.swift in Sources */ = {isa = PBXBuildFile; fileRef = 8D23F9A922398993002E47BB /* AppDelegate.swift */; };
		8D23F9AF22398993002E47BB /* Main.storyboard in Resources */ = {isa = PBXBuildFile; fileRef = 8D23F9AD22398993002E47BB /* Main.storyboard */; };
		8D23F9B122398995002E47BB /* Assets.xcassets in Resources */ = {isa = PBXBuildFile; fileRef = 8D23F9B022398995002E47BB /* Assets.xcassets */; };
		8D23F9B422398995002E47BB /* LaunchScreen.storyboard in Resources */ = {isa = PBXBuildFile; fileRef = 8D23F9B222398995002E47BB /* LaunchScreen.storyboard */; };
		8D23F9C922398BF1002E47BB /* WhatThatWaveTests.swift in Sources */ = {isa = PBXBuildFile; fileRef = 8D23F9C822398BF1002E47BB /* WhatThatWaveTests.swift */; };
/* End PBXBuildFile section */

/* Begin PBXContainerItemProxy section */
		8D23F9CB22398BF1002E47BB /* PBXContainerItemProxy */ = {
			isa = PBXContainerItemProxy;
			containerPortal = 8D23F99E22398992002E47BB /* Project object */;
			proxyType = 1;
			remoteGlobalIDString = 8D23F9A522398993002E47BB;
			remoteInfo = WhatThatWave;
		};
/* End PBXContainerItemProxy section */

/* Begin PBXFileReference section */
		8D23F9A622398993002E47BB /* WhatThatWave.app */ = {isa = PBXFileReference; explicitFileType = wrapper.application; includeInIndex = 0; path = WhatThatWave.app; sourceTree = BUILT_PRODUCTS_DIR; };
		8D23F9A922398993002E47BB /* AppDelegate.swift */ = {isa = PBXFileReference; lastKnownFileType = sourcecode.swift; path = AppDelegate.swift; sourceTree = "<group>"; };
		8D23F9AE22398993002E47BB /* Base */ = {isa = PBXFileReference; lastKnownFileType = file.storyboard; name = Base; path = Base.lproj/Main.storyboard; sourceTree = "<group>"; };
		8D23F9B022398995002E47BB /* Assets.xcassets */ = {isa = PBXFileReference; lastKnownFileType = folder.assetcatalog; path = Assets.xcassets; sourceTree = "<group>"; };
		8D23F9B322398995002E47BB /* Base */ = {isa = PBXFileReference; lastKnownFileType = file.storyboard; name = Base; path = Base.lproj/LaunchScreen.storyboard; sourceTree = "<group>"; };
		8D23F9B522398995002E47BB /* Info.plist */ = {isa = PBXFileReference; lastKnownFileType = text.plist.xml; path = Info.plist; sourceTree = "<group>"; };
		8D23F9C622398BF1002E47BB /* WhatThatWaveTests.xctest */ = {isa = PBXFileReference; explicitFileType = wrapper.cfbundle; includeInIndex = 0; path = WhatThatWaveTests.xctest; sourceTree = BUILT_PRODUCTS_DIR; };
		8D23F9C822398BF1002E47BB /* WhatThatWaveTests.swift */ = {isa = PBXFileReference; lastKnownFileType = sourcecode.swift; path = WhatThatWaveTests.swift; sourceTree = "<group>"; };
		8D23F9CA22398BF1002E47BB /* Info.plist */ = {isa = PBXFileReference; lastKnownFileType = text.plist.xml; path = Info.plist; sourceTree = "<group>"; };
/* End PBXFileReference section */

/* Begin PBXFrameworksBuildPhase section */
		8D23F9A322398993002E47BB /* Frameworks */ = {
			isa = PBXFrameworksBuildPhase;
			buildActionMask = 2147483647;
			files = (
			);
			runOnlyForDeploymentPostprocessing = 0;
		};
		8D23F9C322398BF1002E47BB /* Frameworks */ = {
			isa = PBXFrameworksBuildPhase;
			buildActionMask = 2147483647;
			files = (
			);
			runOnlyForDeploymentPostprocessing = 0;
		};
/* End PBXFrameworksBuildPhase section */

/* Begin PBXGroup section */
		8D23F99D22398992002E47BB = {
			isa = PBXGroup;
			children = (
				8D23F9A822398993002E47BB /* WhatThatWave */,
				8D23F9C722398BF1002E47BB /* WhatThatWaveTests */,
				8D23F9A722398993002E47BB /* Products */,
			);
			sourceTree = "<group>";
		};
		8D23F9A722398993002E47BB /* Products */ = {
			isa = PBXGroup;
			children = (
				8D23F9A622398993002E47BB /* WhatThatWave.app */,
				8D23F9C622398BF1002E47BB /* WhatThatWaveTests.xctest */,
			);
			name = Products;
			sourceTree = "<group>";
		};
		8D23F9A822398993002E47BB /* WhatThatWave */ = {
			isa = PBXGroup;
			children = (
				8D23F9D022398BFF002E47BB /* Network */,
				8D23F9BD22398B57002E47BB /* Scenes */,
				8D23F9BC22398B4C002E47BB /* Supporting Files */,
				8D23F9BB22398B42002E47BB /* StoryBoards */,
			);
			path = WhatThatWave;
			sourceTree = "<group>";
		};
		8D23F9BB22398B42002E47BB /* StoryBoards */ = {
			isa = PBXGroup;
			children = (
				8D23F9AD22398993002E47BB /* Main.storyboard */,
				8D23F9B222398995002E47BB /* LaunchScreen.storyboard */,
			);
			path = StoryBoards;
			sourceTree = "<group>";
		};
		8D23F9BC22398B4C002E47BB /* Supporting Files */ = {
			isa = PBXGroup;
			children = (
				8D23F9A922398993002E47BB /* AppDelegate.swift */,
				8D23F9B022398995002E47BB /* Assets.xcassets */,
				8D23F9B522398995002E47BB /* Info.plist */,
			);
			path = "Supporting Files";
			sourceTree = "<group>";
		};
		8D23F9BD22398B57002E47BB /* Scenes */ = {
			isa = PBXGroup;
			children = (
				8D23F9C022398B6D002E47BB /* MapSpots */,
				8D23F9BF22398B67002E47BB /* FavoriteSpots */,
			);
			path = Scenes;
			sourceTree = "<group>";
		};
		8D23F9BF22398B67002E47BB /* FavoriteSpots */ = {
			isa = PBXGroup;
			children = (
			);
			path = FavoriteSpots;
			sourceTree = "<group>";
		};
		8D23F9C022398B6D002E47BB /* MapSpots */ = {
			isa = PBXGroup;
			children = (
			);
			path = MapSpots;
			sourceTree = "<group>";
		};
		8D23F9C722398BF1002E47BB /* WhatThatWaveTests */ = {
			isa = PBXGroup;
			children = (
				8D23F9C822398BF1002E47BB /* WhatThatWaveTests.swift */,
				8D23F9CA22398BF1002E47BB /* Info.plist */,
			);
			path = WhatThatWaveTests;
			sourceTree = "<group>";
		};
		8D23F9D022398BFF002E47BB /* Network */ = {
			isa = PBXGroup;
			children = (
			);
			path = Network;
			sourceTree = "<group>";
		};
/* End PBXGroup section */

/* Begin PBXNativeTarget section */
		8D23F9A522398993002E47BB /* WhatThatWave */ = {
			isa = PBXNativeTarget;
			buildConfigurationList = 8D23F9B822398995002E47BB /* Build configuration list for PBXNativeTarget "WhatThatWave" */;
			buildPhases = (
				8D23F9A222398993002E47BB /* Sources */,
				8D23F9A322398993002E47BB /* Frameworks */,
				8D23F9A422398993002E47BB /* Resources */,
			);
			buildRules = (
			);
			dependencies = (
			);
			name = WhatThatWave;
			productName = WhatThatWave;
			productReference = 8D23F9A622398993002E47BB /* WhatThatWave.app */;
			productType = "com.apple.product-type.application";
		};
		8D23F9C522398BF1002E47BB /* WhatThatWaveTests */ = {
			isa = PBXNativeTarget;
			buildConfigurationList = 8D23F9CD22398BF1002E47BB /* Build configuration list for PBXNativeTarget "WhatThatWaveTests" */;
			buildPhases = (
				8D23F9C222398BF1002E47BB /* Sources */,
				8D23F9C322398BF1002E47BB /* Frameworks */,
				8D23F9C422398BF1002E47BB /* Resources */,
			);
			buildRules = (
			);
			dependencies = (
				8D23F9CC22398BF1002E47BB /* PBXTargetDependency */,
			);
			name = WhatThatWaveTests;
			productName = WhatThatWaveTests;
			productReference = 8D23F9C622398BF1002E47BB /* WhatThatWaveTests.xctest */;
			productType = "com.apple.product-type.bundle.unit-test";
		};
/* End PBXNativeTarget section */

/* Begin PBXProject section */
		8D23F99E22398992002E47BB /* Project object */ = {
			isa = PBXProject;
			attributes = {
				LastSwiftUpdateCheck = 1010;
				LastUpgradeCheck = 1010;
				ORGANIZATIONNAME = "Marcos Vinicius Goncalves Contente";
				TargetAttributes = {
					8D23F9A522398993002E47BB = {
						CreatedOnToolsVersion = 10.1;
					};
					8D23F9C522398BF1002E47BB = {
						CreatedOnToolsVersion = 10.1;
						TestTargetID = 8D23F9A522398993002E47BB;
					};
				};
			};
			buildConfigurationList = 8D23F9A122398992002E47BB /* Build configuration list for PBXProject "WhatThatWave" */;
			compatibilityVersion = "Xcode 9.3";
			developmentRegion = en;
			hasScannedForEncodings = 0;
			knownRegions = (
				en,
				Base,
			);
			mainGroup = 8D23F99D22398992002E47BB;
			productRefGroup = 8D23F9A722398993002E47BB /* Products */;
			projectDirPath = "";
			projectRoot = "";
			targets = (
				8D23F9A522398993002E47BB /* WhatThatWave */,
				8D23F9C522398BF1002E47BB /* WhatThatWaveTests */,
			);
		};
/* End PBXProject section */

/* Begin PBXResourcesBuildPhase section */
		8D23F9A422398993002E47BB /* Resources */ = {
			isa = PBXResourcesBuildPhase;
			buildActionMask = 2147483647;
			files = (
				8D23F9B422398995002E47BB /* LaunchScreen.storyboard in Resources */,
				8D23F9B122398995002E47BB /* Assets.xcassets in Resources */,
				8D23F9AF22398993002E47BB /* Main.storyboard in Resources */,
			);
			runOnlyForDeploymentPostprocessing = 0;
		};
		8D23F9C422398BF1002E47BB /* Resources */ = {
			isa = PBXResourcesBuildPhase;
			buildActionMask = 2147483647;
			files = (
			);
			runOnlyForDeploymentPostprocessing = 0;
		};
/* End PBXResourcesBuildPhase section */

/* Begin PBXSourcesBuildPhase section */
		8D23F9A222398993002E47BB /* Sources */ = {
			isa = PBXSourcesBuildPhase;
			buildActionMask = 2147483647;
			files = (
				8D23F9AA22398993002E47BB /* AppDelegate.swift in Sources */,
			);
			runOnlyForDeploymentPostprocessing = 0;
		};
		8D23F9C222398BF1002E47BB /* Sources */ = {
			isa = PBXSourcesBuildPhase;
			buildActionMask = 2147483647;
			files = (
				8D23F9C922398BF1002E47BB /* WhatThatWaveTests.swift in Sources */,
			);
			runOnlyForDeploymentPostprocessing = 0;
		};
/* End PBXSourcesBuildPhase section */

/* Begin PBXTargetDependency section */
		8D23F9CC22398BF1002E47BB /* PBXTargetDependency */ = {
			isa = PBXTargetDependency;
			target = 8D23F9A522398993002E47BB /* WhatThatWave */;
			targetProxy = 8D23F9CB22398BF1002E47BB /* PBXContainerItemProxy */;
		};
/* End PBXTargetDependency section */

/* Begin PBXVariantGroup section */
		8D23F9AD22398993002E47BB /* Main.storyboard */ = {
			isa = PBXVariantGroup;
			children = (
				8D23F9AE22398993002E47BB /* Base */,
			);
			name = Main.storyboard;
			sourceTree = "<group>";
		};
		8D23F9B222398995002E47BB /* LaunchScreen.storyboard */ = {
			isa = PBXVariantGroup;
			children = (
				8D23F9B322398995002E47BB /* Base */,
			);
			name = LaunchScreen.storyboard;
			sourceTree = "<group>";
		};
/* End PBXVariantGroup section */

/* Begin XCBuildConfiguration section */
		8D23F9B622398995002E47BB /* Debug */ = {
			isa = XCBuildConfiguration;
			buildSettings = {
				ALWAYS_SEARCH_USER_PATHS = NO;
				CLANG_ANALYZER_NONNULL = YES;
				CLANG_ANALYZER_NUMBER_OBJECT_CONVERSION = YES_AGGRESSIVE;
				CLANG_CXX_LANGUAGE_STANDARD = "gnu++14";
				CLANG_CXX_LIBRARY = "libc++";
				CLANG_ENABLE_MODULES = YES;
				CLANG_ENABLE_OBJC_ARC = YES;
				CLANG_ENABLE_OBJC_WEAK = YES;
				CLANG_WARN_BLOCK_CAPTURE_AUTORELEASING = YES;
				CLANG_WARN_BOOL_CONVERSION = YES;
				CLANG_WARN_COMMA = YES;
				CLANG_WARN_CONSTANT_CONVERSION = YES;
				CLANG_WARN_DEPRECATED_OBJC_IMPLEMENTATIONS = YES;
				CLANG_WARN_DIRECT_OBJC_ISA_USAGE = YES_ERROR;
				CLANG_WARN_DOCUMENTATION_COMMENTS = YES;
				CLANG_WARN_EMPTY_BODY = YES;
				CLANG_WARN_ENUM_CONVERSION = YES;
				CLANG_WARN_INFINITE_RECURSION = YES;
				CLANG_WARN_INT_CONVERSION = YES;
				CLANG_WARN_NON_LITERAL_NULL_CONVERSION = YES;
				CLANG_WARN_OBJC_IMPLICIT_RETAIN_SELF = YES;
				CLANG_WARN_OBJC_LITERAL_CONVERSION = YES;
				CLANG_WARN_OBJC_ROOT_CLASS = YES_ERROR;
				CLANG_WARN_RANGE_LOOP_ANALYSIS = YES;
				CLANG_WARN_STRICT_PROTOTYPES = YES;
				CLANG_WARN_SUSPICIOUS_MOVE = YES;
				CLANG_WARN_UNGUARDED_AVAILABILITY = YES_AGGRESSIVE;
				CLANG_WARN_UNREACHABLE_CODE = YES;
				CLANG_WARN__DUPLICATE_METHOD_MATCH = YES;
				CODE_SIGN_IDENTITY = "iPhone Developer";
				COPY_PHASE_STRIP = NO;
				DEBUG_INFORMATION_FORMAT = dwarf;
				ENABLE_STRICT_OBJC_MSGSEND = YES;
				ENABLE_TESTABILITY = YES;
				GCC_C_LANGUAGE_STANDARD = gnu11;
				GCC_DYNAMIC_NO_PIC = NO;
				GCC_NO_COMMON_BLOCKS = YES;
				GCC_OPTIMIZATION_LEVEL = 0;
				GCC_PREPROCESSOR_DEFINITIONS = (
					"DEBUG=1",
					"$(inherited)",
				);
				GCC_WARN_64_TO_32_BIT_CONVERSION = YES;
				GCC_WARN_ABOUT_RETURN_TYPE = YES_ERROR;
				GCC_WARN_UNDECLARED_SELECTOR = YES;
				GCC_WARN_UNINITIALIZED_AUTOS = YES_AGGRESSIVE;
				GCC_WARN_UNUSED_FUNCTION = YES;
				GCC_WARN_UNUSED_VARIABLE = YES;
				IPHONEOS_DEPLOYMENT_TARGET = 12.1;
				MTL_ENABLE_DEBUG_INFO = INCLUDE_SOURCE;
				MTL_FAST_MATH = YES;
				ONLY_ACTIVE_ARCH = YES;
				SDKROOT = iphoneos;
				SWIFT_ACTIVE_COMPILATION_CONDITIONS = DEBUG;
				SWIFT_OPTIMIZATION_LEVEL = "-Onone";
			};
			name = Debug;
		};
		8D23F9B722398995002E47BB /* Release */ = {
			isa = XCBuildConfiguration;
			buildSettings = {
				ALWAYS_SEARCH_USER_PATHS = NO;
				CLANG_ANALYZER_NONNULL = YES;
				CLANG_ANALYZER_NUMBER_OBJECT_CONVERSION = YES_AGGRESSIVE;
				CLANG_CXX_LANGUAGE_STANDARD = "gnu++14";
				CLANG_CXX_LIBRARY = "libc++";
				CLANG_ENABLE_MODULES = YES;
				CLANG_ENABLE_OBJC_ARC = YES;
				CLANG_ENABLE_OBJC_WEAK = YES;
				CLANG_WARN_BLOCK_CAPTURE_AUTORELEASING = YES;
				CLANG_WARN_BOOL_CONVERSION = YES;
				CLANG_WARN_COMMA = YES;
				CLANG_WARN_CONSTANT_CONVERSION = YES;
				CLANG_WARN_DEPRECATED_OBJC_IMPLEMENTATIONS = YES;
				CLANG_WARN_DIRECT_OBJC_ISA_USAGE = YES_ERROR;
				CLANG_WARN_DOCUMENTATION_COMMENTS = YES;
				CLANG_WARN_EMPTY_BODY = YES;
				CLANG_WARN_ENUM_CONVERSION = YES;
				CLANG_WARN_INFINITE_RECURSION = YES;
				CLANG_WARN_INT_CONVERSION = YES;
				CLANG_WARN_NON_LITERAL_NULL_CONVERSION = YES;
				CLANG_WARN_OBJC_IMPLICIT_RETAIN_SELF = YES;
				CLANG_WARN_OBJC_LITERAL_CONVERSION = YES;
				CLANG_WARN_OBJC_ROOT_CLASS = YES_ERROR;
				CLANG_WARN_RANGE_LOOP_ANALYSIS = YES;
				CLANG_WARN_STRICT_PROTOTYPES = YES;
				CLANG_WARN_SUSPICIOUS_MOVE = YES;
				CLANG_WARN_UNGUARDED_AVAILABILITY = YES_AGGRESSIVE;
				CLANG_WARN_UNREACHABLE_CODE = YES;
				CLANG_WARN__DUPLICATE_METHOD_MATCH = YES;
				CODE_SIGN_IDENTITY = "iPhone Developer";
				COPY_PHASE_STRIP = NO;
				DEBUG_INFORMATION_FORMAT = "dwarf-with-dsym";
				ENABLE_NS_ASSERTIONS = NO;
				ENABLE_STRICT_OBJC_MSGSEND = YES;
				GCC_C_LANGUAGE_STANDARD = gnu11;
				GCC_NO_COMMON_BLOCKS = YES;
				GCC_WARN_64_TO_32_BIT_CONVERSION = YES;
				GCC_WARN_ABOUT_RETURN_TYPE = YES_ERROR;
				GCC_WARN_UNDECLARED_SELECTOR = YES;
				GCC_WARN_UNINITIALIZED_AUTOS = YES_AGGRESSIVE;
				GCC_WARN_UNUSED_FUNCTION = YES;
				GCC_WARN_UNUSED_VARIABLE = YES;
				IPHONEOS_DEPLOYMENT_TARGET = 12.1;
				MTL_ENABLE_DEBUG_INFO = NO;
				MTL_FAST_MATH = YES;
				SDKROOT = iphoneos;
				SWIFT_COMPILATION_MODE = wholemodule;
				SWIFT_OPTIMIZATION_LEVEL = "-O";
				VALIDATE_PRODUCT = YES;
			};
			name = Release;
		};
		8D23F9B922398995002E47BB /* Debug */ = {
			isa = XCBuildConfiguration;
			buildSettings = {
				ASSETCATALOG_COMPILER_APPICON_NAME = AppIcon;
				CODE_SIGN_STYLE = Automatic;
				DEVELOPMENT_TEAM = 2H9FF7A6C8;
				INFOPLIST_FILE = "$(SRCROOT)/WhatThatWave/Supporting Files/Info.plist";
				LD_RUNPATH_SEARCH_PATHS = (
					"$(inherited)",
					"@executable_path/Frameworks",
				);
				PRODUCT_BUNDLE_IDENTIFIER = stoneyourmarcos.WhatThatWave;
				PRODUCT_NAME = "$(TARGET_NAME)";
				SWIFT_VERSION = 4.2;
				TARGETED_DEVICE_FAMILY = "1,2";
			};
			name = Debug;
		};
		8D23F9BA22398995002E47BB /* Release */ = {
			isa = XCBuildConfiguration;
			buildSettings = {
				ASSETCATALOG_COMPILER_APPICON_NAME = AppIcon;
				CODE_SIGN_STYLE = Automatic;
				DEVELOPMENT_TEAM = 2H9FF7A6C8;
				INFOPLIST_FILE = "$(SRCROOT)/WhatThatWave/Supporting Files/Info.plist";
				LD_RUNPATH_SEARCH_PATHS = (
					"$(inherited)",
					"@executable_path/Frameworks",
				);
				PRODUCT_BUNDLE_IDENTIFIER = stoneyourmarcos.WhatThatWave;
				PRODUCT_NAME = "$(TARGET_NAME)";
				SWIFT_VERSION = 4.2;
				TARGETED_DEVICE_FAMILY = "1,2";
			};
			name = Release;
		};
		8D23F9CE22398BF1002E47BB /* Debug */ = {
			isa = XCBuildConfiguration;
			buildSettings = {
				BUNDLE_LOADER = "$(TEST_HOST)";
				CODE_SIGN_STYLE = Automatic;
				DEVELOPMENT_TEAM = 2H9FF7A6C8;
				INFOPLIST_FILE = WhatThatWaveTests/Info.plist;
				LD_RUNPATH_SEARCH_PATHS = (
					"$(inherited)",
					"@executable_path/Frameworks",
					"@loader_path/Frameworks",
				);
				PRODUCT_BUNDLE_IDENTIFIER = stoneyourmarcos.WhatThatWaveTests;
				PRODUCT_NAME = "$(TARGET_NAME)";
				SWIFT_VERSION = 4.2;
				TARGETED_DEVICE_FAMILY = "1,2";
				TEST_HOST = "$(BUILT_PRODUCTS_DIR)/WhatThatWave.app/WhatThatWave";
			};
			name = Debug;
		};
		8D23F9CF22398BF1002E47BB /* Release */ = {
			isa = XCBuildConfiguration;
			buildSettings = {
				BUNDLE_LOADER = "$(TEST_HOST)";
				CODE_SIGN_STYLE = Automatic;
				DEVELOPMENT_TEAM = 2H9FF7A6C8;
				INFOPLIST_FILE = WhatThatWaveTests/Info.plist;
				LD_RUNPATH_SEARCH_PATHS = (
					"$(inherited)",
					"@executable_path/Frameworks",
					"@loader_path/Frameworks",
				);
				PRODUCT_BUNDLE_IDENTIFIER = stoneyourmarcos.WhatThatWaveTests;
				PRODUCT_NAME = "$(TARGET_NAME)";
				SWIFT_VERSION = 4.2;
				TARGETED_DEVICE_FAMILY = "1,2";
				TEST_HOST = "$(BUILT_PRODUCTS_DIR)/WhatThatWave.app/WhatThatWave";
			};
			name = Release;
		};
/* End XCBuildConfiguration section */

/* Begin XCConfigurationList section */
		8D23F9A122398992002E47BB /* Build configuration list for PBXProject "WhatThatWave" */ = {
			isa = XCConfigurationList;
			buildConfigurations = (
				8D23F9B622398995002E47BB /* Debug */,
				8D23F9B722398995002E47BB /* Release */,
			);
			defaultConfigurationIsVisible = 0;
			defaultConfigurationName = Release;
		};
		8D23F9B822398995002E47BB /* Build configuration list for PBXNativeTarget "WhatThatWave" */ = {
			isa = XCConfigurationList;
			buildConfigurations = (
				8D23F9B922398995002E47BB /* Debug */,
				8D23F9BA22398995002E47BB /* Release */,
			);
			defaultConfigurationIsVisible = 0;
			defaultConfigurationName = Release;
		};
		8D23F9CD22398BF1002E47BB /* Build configuration list for PBXNativeTarget "WhatThatWaveTests" */ = {
			isa = XCConfigurationList;
			buildConfigurations = (
				8D23F9CE22398BF1002E47BB /* Debug */,
				8D23F9CF22398BF1002E47BB /* Release */,
			);
			defaultConfigurationIsVisible = 0;
			defaultConfigurationName = Release;
		};
/* End XCConfigurationList section */
	};
	rootObject = 8D23F99E22398992002E47BB /* Project object */;
}
